<?xml version="1.0" encoding="utf-8"?>
<Project ToolsVersion="4.0" xmlns="http://schemas.microsoft.com/developer/msbuild/2003">
  <ItemGroup>
    <Filter Include="Source Files">
      <UniqueIdentifier>{4FC737F1-C7A5-4376-A066-2A32D752A2FF}</UniqueIdentifier>
      <Extensions>cpp;c;cc;cxx;def;odl;idl;hpj;bat;asm;asmx</Extensions>
    </Filter>
    <Filter Include="Header Files">
      <UniqueIdentifier>{93995380-89BD-4b04-88EB-625FBE52EBFB}</UniqueIdentifier>
      <Extensions>h;hh;hpp;hxx;hm;inl;inc;xsd</Extensions>
    </Filter>
    <Filter Include="Resource Files">
      <UniqueIdentifier>{67DA6AB6-F800-4c08-8B7A-83BB121AAD01}</UniqueIdentifier>
      <Extensions>rc;ico;cur;bmp;dlg;rc2;rct;bin;rgs;gif;jpg;jpeg;jpe;resx;tiff;tif;png;wav;mfcribbon-ms</Extensions>
    </Filter>
    <Filter Include="array">
      <UniqueIdentifier>{2dda4a7d-99b3-4105-a6ff-564961d053e8}</UniqueIdentifier>
    </Filter>
    <Filter Include="ascii">
      <UniqueIdentifier>{41a8d726-f157-4faa-8832-a7efaa0456f3}</UniqueIdentifier>
    </Filter>
    <Filter Include="timer">
      <UniqueIdentifier>{a23b1b20-2ab3-4533-8a47-b123691b7b4e}</UniqueIdentifier>
    </Filter>
    <Filter Include="math">
      <UniqueIdentifier>{898b42ed-f4dd-49ad-99dd-bbd226228c17}</UniqueIdentifier>
    </Filter>
    <Filter Include="physics">
      <UniqueIdentifier>{53e5a8f1-6be3-4db3-86a5-0e75f55a434f}</UniqueIdentifier>
    </Filter>
    <Filter Include="bitmap">
      <UniqueIdentifier>{b35c2579-efcf-4a53-8b2a-b1dcd1dff0d9}</UniqueIdentifier>
    </Filter>
  </ItemGroup>
  <ItemGroup>
    <Text Include="ReadMe.txt" />
  </ItemGroup>
  <ItemGroup>
    <ClInclude Include="ftw_array_view.h">
      <Filter>array</Filter>
    </ClInclude>
    <ClInclude Include="ftw_grid_view.h">
      <Filter>array</Filter>
    </ClInclude>
    <ClInclude Include="ftw_ascii_color.h">
      <Filter>ascii</Filter>
    </ClInclude>
    <ClInclude Include="ftw_error.h">
      <Filter>Header Files</Filter>
    </ClInclude>
    <ClInclude Include="ftw_timer.h">
      <Filter>timer</Filter>
    </ClInclude>
    <ClInclude Include="ftw_coord.h">
      <Filter>math</Filter>
    </ClInclude>
    <ClInclude Include="ftw_math.h">
      <Filter>math</Filter>
    </ClInclude>
    <ClInclude Include="ftw_grid.h">
      <Filter>array</Filter>
    </ClInclude>
    <ClInclude Include="ftw_size.h">
      <Filter>Header Files</Filter>
    </ClInclude>
    <ClInclude Include="ftw_eval.h">
      <Filter>Header Files</Filter>
    </ClInclude>
    <ClInclude Include="ftw_frameinfo.h">
      <Filter>Header Files</Filter>
    </ClInclude>
    <ClInclude Include="ftw_particle.h">
      <Filter>physics</Filter>
    </ClInclude>
    <ClInclude Include="ftw_color.h">
      <Filter>Header Files</Filter>
    </ClInclude>
    <ClInclude Include="ftw_ascii_target.h">
      <Filter>ascii</Filter>
    </ClInclude>
    <ClInclude Include="ftw_ascii_display.h">
      <Filter>ascii</Filter>
    </ClInclude>
    <ClInclude Include="ftw_bitmap_target.h">
      <Filter>bitmap</Filter>
    </ClInclude>
  </ItemGroup>
  <ItemGroup>
    <ClCompile Include="timer.cpp">
      <Filter>timer</Filter>
    </ClCompile>
    <ClCompile Include="ftw_ascii_target.cpp">
      <Filter>ascii</Filter>
    </ClCompile>
    <ClCompile Include="ftw_ascii_display.cpp">
      <Filter>ascii</Filter>
    </ClCompile>
  </ItemGroup>
</Project>